
Microsoft Visual Studio Solution File, Format Version 12.00
# Visual Studio Version 16
VisualStudioVersion = 16.0.30011.22
MinimumVisualStudioVersion = 10.0.40219.1
Project("{FAE04EC0-301F-11D3-BF4B-00C04F79EFBC}") = "Logica", "Logica\Logica.csproj", "{A6ED0DDD-B0E1-4D65-A3AE-CF50EA6FA62E}"
EndProject
Global
	GlobalSection(SolutionConfigurationPlatforms) = preSolution
		Debug|Any CPU = Debug|Any CPU
		Release|Any CPU = Release|Any CPU
	EndGlobalSection
	GlobalSection(ProjectConfigurationPlatforms) = postSolution
		{A6ED0DDD-B0E1-4D65-A3AE-CF50EA6FA62E}.Debug|Any CPU.ActiveCfg = Debug|Any CPU
		{A6ED0DDD-B0E1-4D65-A3AE-CF50EA6FA62E}.Debug|Any CPU.Build.0 = Debug|Any CPU
		{A6ED0DDD-B0E1-4D65-A3AE-CF50EA6FA62E}.Release|Any CPU.ActiveCfg = Release|Any CPU
		{A6ED0DDD-B0E1-4D65-A3AE-CF50EA6FA62E}.Release|Any CPU.Build.0 = Release|Any CPU
	EndGlobalSection
	GlobalSection(SolutionProperties) = preSolution
		HideSolutionNode = FALSE
	EndGlobalSection
	GlobalSection(ExtensibilityGlobals) = postSolution
		SolutionGuid = {92D1B147-1347-40B1-9E3E-20693CE33300}
	EndGlobalSection
EndGlobal
